Microsoft Visual Studio Solution File, Format Version 12.00
# Visual Studio Version 17
VisualStudioVersion = 17.5.2.0
MinimumVisualStudioVersion = 10.0.40219.1
Project("{2150E333-8FDC-42A3-9474-1A3956D46DE8}") = "plugins", "plugins", "{07D57EEB-2F50-60C4-C011-FE4FA775C9A8}"
EndProject
Project("{2150E333-8FDC-42A3-9474-1A3956D46DE8}") = "cordova-plugin-vibration", "cordova-plugin-vibration", "{7498BE80-CF11-E4E4-E292-1789DC3A0F46}"
EndProject
Project("{2150E333-8FDC-42A3-9474-1A3956D46DE8}") = "src", "src", "{5996192E-BBC0-9C56-D168-DF9E5E3B4844}"
EndProject
Project("{2150E333-8FDC-42A3-9474-1A3956D46DE8}") = "windows", "windows", "{E3789701-A9D9-C5C7-698F-4BBEE736A7EA}"
EndProject
Project("{FAE04EC0-301F-11D3-BF4B-00C04F79EFBC}") = "Vibration", "plugins\cordova-plugin-vibration\src\windows\Vibration\Vibration.csproj", "{76E57317-4CB7-8002-4506-D3C291F0040B}"
EndProject
Global
	GlobalSection(SolutionConfigurationPlatforms) = preSolution
		Debug|Any CPU = Debug|Any CPU
		Release|Any CPU = Release|Any CPU
	EndGlobalSection
	GlobalSection(ProjectConfigurationPlatforms) = postSolution
		{76E57317-4CB7-8002-4506-D3C291F0040B}.Debug|Any CPU.ActiveCfg = Debug|Any CPU
		{76E57317-4CB7-8002-4506-D3C291F0040B}.Debug|Any CPU.Build.0 = Debug|Any CPU
		{76E57317-4CB7-8002-4506-D3C291F0040B}.Release|Any CPU.ActiveCfg = Release|Any CPU
		{76E57317-4CB7-8002-4506-D3C291F0040B}.Release|Any CPU.Build.0 = Release|Any CPU
	EndGlobalSection
	GlobalSection(SolutionProperties) = preSolution
		HideSolutionNode = FALSE
	EndGlobalSection
	GlobalSection(NestedProjects) = preSolution
		{7498BE80-CF11-E4E4-E292-1789DC3A0F46} = {07D57EEB-2F50-60C4-C011-FE4FA775C9A8}
		{5996192E-BBC0-9C56-D168-DF9E5E3B4844} = {7498BE80-CF11-E4E4-E292-1789DC3A0F46}
		{E3789701-A9D9-C5C7-698F-4BBEE736A7EA} = {5996192E-BBC0-9C56-D168-DF9E5E3B4844}
		{76E57317-4CB7-8002-4506-D3C291F0040B} = {E3789701-A9D9-C5C7-698F-4BBEE736A7EA}
	EndGlobalSection
	GlobalSection(ExtensibilityGlobals) = postSolution
		SolutionGuid = {74FD9D70-1A09-43A4-A8ED-A2F0FDD2FE58}
	EndGlobalSection
EndGlobal
